
Microsoft Visual Studio Solution File, Format Version 12.00
# Visual Studio Version 16
VisualStudioVersion = 16.0.29209.62
MinimumVisualStudioVersion = 10.0.40219.1
Project("{F184B08F-C81C-45F6-A57F-5ABD9991F28F}") = "juegoTrivia", "juegoTrivia\juegoTrivia.vbproj", "{F9AEA17D-7ABB-4E25-9021-E468D54C9AF4}"
EndProject
Project("{F184B08F-C81C-45F6-A57F-5ABD9991F28F}") = "Trivia", "Trivia\Trivia.vbproj", "{3D3BAC8A-29E7-4B82-A10E-1A8A802C986C}"
EndProject
Global
	GlobalSection(SolutionConfigurationPlatforms) = preSolution
		Debug|Any CPU = Debug|Any CPU
		Release|Any CPU = Release|Any CPU
	EndGlobalSection
	GlobalSection(ProjectConfigurationPlatforms) = postSolution
		{F9AEA17D-7ABB-4E25-9021-E468D54C9AF4}.Debug|Any CPU.ActiveCfg = Debug|Any CPU
		{F9AEA17D-7ABB-4E25-9021-E468D54C9AF4}.Debug|Any CPU.Build.0 = Debug|Any CPU
		{F9AEA17D-7ABB-4E25-9021-E468D54C9AF4}.Release|Any CPU.ActiveCfg = Release|Any CPU
		{F9AEA17D-7ABB-4E25-9021-E468D54C9AF4}.Release|Any CPU.Build.0 = Release|Any CPU
		{3D3BAC8A-29E7-4B82-A10E-1A8A802C986C}.Debug|Any CPU.ActiveCfg = Debug|Any CPU
		{3D3BAC8A-29E7-4B82-A10E-1A8A802C986C}.Debug|Any CPU.Build.0 = Debug|Any CPU
		{3D3BAC8A-29E7-4B82-A10E-1A8A802C986C}.Release|Any CPU.ActiveCfg = Release|Any CPU
		{3D3BAC8A-29E7-4B82-A10E-1A8A802C986C}.Release|Any CPU.Build.0 = Release|Any CPU
	EndGlobalSection
	GlobalSection(SolutionProperties) = preSolution
		HideSolutionNode = FALSE
	EndGlobalSection
	GlobalSection(ExtensibilityGlobals) = postSolution
		SolutionGuid = {CBBCD07A-C38C-41AE-8DF3-2F2F50A71C7D}
	EndGlobalSection
EndGlobal
